<?xml version="1.0" encoding="utf-8"?>
<Project ToolsVersion="4.0" xmlns="http://schemas.microsoft.com/developer/msbuild/2003">
  <ItemGroup>
    <Filter Include="Source Files">
      <UniqueIdentifier>{4FC737F1-C7A5-4376-A066-2A32D752A2FF}</UniqueIdentifier>
      <Extensions>cpp;c;cc;cxx;c++;def;odl;idl;hpj;bat;asm;asmx</Extensions>
    </Filter>
    <Filter Include="Header Files">
      <UniqueIdentifier>{93995380-89BD-4b04-88EB-625FBE52EBFB}</UniqueIdentifier>
      <Extensions>h;hh;hpp;hxx;h++;hm;inl;inc;ipp;xsd</Extensions>
    </Filter>
    <Filter Include="Resource Files">
      <UniqueIdentifier>{67DA6AB6-F800-4c08-8B7A-83BB121AAD01}</UniqueIdentifier>
      <Extensions>rc;ico;cur;bmp;dlg;rc2;rct;bin;rgs;gif;jpg;jpeg;jpe;resx;tiff;tif;png;wav;mfcribbon-ms</Extensions>
    </Filter>
    <Filter Include="Source Files\Preprocess">
      <UniqueIdentifier>{a1642560-9d9c-44d2-9ed7-3be7516245c5}</UniqueIdentifier>
    </Filter>
    <Filter Include="Source Files\SearchOperator">
      <UniqueIdentifier>{73b471ea-6aa1-443f-86e3-c9250a0fa63b}</UniqueIdentifier>
    </Filter>
  </ItemGroup>
  <ItemGroup>
    <ClInclude Include="Indexing.h">
      <Filter>Header Files</Filter>
    </ClInclude>
    <ClInclude Include="SearchOperator.h">
      <Filter>Header Files</Filter>
    </ClInclude>
    <ClInclude Include="MiscProcessing.h">
      <Filter>Header Files</Filter>
    </ClInclude>
    <ClInclude Include="RankFunction.h">
      <Filter>Header Files</Filter>
    </ClInclude>
    <ClInclude Include="SearchResult.h">
      <Filter>Header Files</Filter>
    </ClInclude>
    <ClInclude Include="gui.h">
      <Filter>Header Files</Filter>
    </ClInclude>
  </ItemGroup>
  <ItemGroup>
    <ClCompile Include="Indexing.cpp">
      <Filter>Source Files\Preprocess</Filter>
    </ClCompile>
    <ClCompile Include="Main.cpp">
      <Filter>Source Files</Filter>
    </ClCompile>
    <ClCompile Include="MiscProcessing.cpp">
      <Filter>Source Files\Preprocess</Filter>
    </ClCompile>
    <ClCompile Include="SearchOperator.cpp">
      <Filter>Source Files\SearchOperator</Filter>
    </ClCompile>
    <ClCompile Include="RankFunction.cpp">
      <Filter>Source Files\SearchOperator</Filter>
    </ClCompile>
    <ClCompile Include="SearchResult.cpp">
      <Filter>Source Files</Filter>
    </ClCompile>
    <ClCompile Include="gui.cpp">
      <Filter>Source Files</Filter>
    </ClCompile>
  </ItemGroup>
</Project>